
Microsoft Visual Studio Solution File, Format Version 12.00
# Visual Studio 15
VisualStudioVersion = 15.0.28307.539
MinimumVisualStudioVersion = 10.0.40219.1
Project("{DA7A21FA-8162-4350-AD77-A8D1B671F3ED}") = "RcppHDFql", "RcppHDFql.rxproj", "{8C5F7994-FA9E-4E0F-A39F-7302F3C8A575}"
EndProject
Global
	GlobalSection(SolutionConfigurationPlatforms) = preSolution
		Debug|Any CPU = Debug|Any CPU
		Release|Any CPU = Release|Any CPU
	EndGlobalSection
	GlobalSection(ProjectConfigurationPlatforms) = postSolution
		{8C5F7994-FA9E-4E0F-A39F-7302F3C8A575}.Debug|Any CPU.ActiveCfg = Debug|Any CPU
		{8C5F7994-FA9E-4E0F-A39F-7302F3C8A575}.Debug|Any CPU.Build.0 = Debug|Any CPU
		{8C5F7994-FA9E-4E0F-A39F-7302F3C8A575}.Release|Any CPU.ActiveCfg = Release|Any CPU
		{8C5F7994-FA9E-4E0F-A39F-7302F3C8A575}.Release|Any CPU.Build.0 = Release|Any CPU
	EndGlobalSection
	GlobalSection(SolutionProperties) = preSolution
		HideSolutionNode = FALSE
	EndGlobalSection
	GlobalSection(ExtensibilityGlobals) = postSolution
		SolutionGuid = {E315C54C-59F0-478F-9056-E7E3E907503C}
	EndGlobalSection
EndGlobal
